
Microsoft Visual Studio Solution File, Format Version 12.00
# Visual Studio Version 17
VisualStudioVersion = 17.0.31903.59
MinimumVisualStudioVersion = 10.0.40219.1
Project("{2150E333-8FDC-42A3-9474-1A3956D46DE8}") = "AlmaDeMalta.Api", "AlmaDeMalta.Api", "{327C8683-FE66-0FCB-24BF-AC8FE10CF5BC}"
EndProject
Project("{FAE04EC0-301F-11D3-BF4B-00C04F79EFBC}") = "AlmaDeMalta.api", "AlmaDeMalta.Api\AlmaDeMalta.api.csproj", "{994E928A-C30D-4EEE-A918-7EC32EF5E92E}"
EndProject
Project("{FAE04EC0-301F-11D3-BF4B-00C04F79EFBC}") = "AlmaDeMalta.Common.Contracts", "..\common\AlmaDeMalta.Common.Contracts\AlmaDeMalta.Common.Contracts.csproj", "{A5215B15-6DB6-4BF5-B14F-6E1F197B837F}"
EndProject
Project("{FAE04EC0-301F-11D3-BF4B-00C04F79EFBC}") = "AlmaDeMalta.Common.Services", "..\common\AlmaDeMalta.Common.Services\AlmaDeMalta.Common.Services.csproj", "{6CD73493-0C2A-48A6-B487-A71C1109104E}"
EndProject
Project("{FAE04EC0-301F-11D3-BF4B-00C04F79EFBC}") = "AlmaDeMalta.Common.DatabaseConnection", "..\Common\AlmaDeMalta.Common.DatabaseConnection\AlmaDeMalta.Common.DatabaseConnection.csproj", "{787CA946-A3C9-4BD1-ACD6-5DF6567715DB}"
EndProject
Global
	GlobalSection(SolutionConfigurationPlatforms) = preSolution
		Debug|Any CPU = Debug|Any CPU
		Debug|x64 = Debug|x64
		Debug|x86 = Debug|x86
		Release|Any CPU = Release|Any CPU
		Release|x64 = Release|x64
		Release|x86 = Release|x86
	EndGlobalSection
	GlobalSection(ProjectConfigurationPlatforms) = postSolution
		{994E928A-C30D-4EEE-A918-7EC32EF5E92E}.Debug|Any CPU.ActiveCfg = Debug|Any CPU
		{994E928A-C30D-4EEE-A918-7EC32EF5E92E}.Debug|Any CPU.Build.0 = Debug|Any CPU
		{994E928A-C30D-4EEE-A918-7EC32EF5E92E}.Debug|x64.ActiveCfg = Debug|Any CPU
		{994E928A-C30D-4EEE-A918-7EC32EF5E92E}.Debug|x64.Build.0 = Debug|Any CPU
		{994E928A-C30D-4EEE-A918-7EC32EF5E92E}.Debug|x86.ActiveCfg = Debug|Any CPU
		{994E928A-C30D-4EEE-A918-7EC32EF5E92E}.Debug|x86.Build.0 = Debug|Any CPU
		{994E928A-C30D-4EEE-A918-7EC32EF5E92E}.Release|Any CPU.ActiveCfg = Release|Any CPU
		{994E928A-C30D-4EEE-A918-7EC32EF5E92E}.Release|Any CPU.Build.0 = Release|Any CPU
		{994E928A-C30D-4EEE-A918-7EC32EF5E92E}.Release|x64.ActiveCfg = Release|Any CPU
		{994E928A-C30D-4EEE-A918-7EC32EF5E92E}.Release|x64.Build.0 = Release|Any CPU
		{994E928A-C30D-4EEE-A918-7EC32EF5E92E}.Release|x86.ActiveCfg = Release|Any CPU
		{994E928A-C30D-4EEE-A918-7EC32EF5E92E}.Release|x86.Build.0 = Release|Any CPU
		{A5215B15-6DB6-4BF5-B14F-6E1F197B837F}.Debug|Any CPU.ActiveCfg = Debug|Any CPU
		{A5215B15-6DB6-4BF5-B14F-6E1F197B837F}.Debug|Any CPU.Build.0 = Debug|Any CPU
		{A5215B15-6DB6-4BF5-B14F-6E1F197B837F}.Debug|x64.ActiveCfg = Debug|Any CPU
		{A5215B15-6DB6-4BF5-B14F-6E1F197B837F}.Debug|x64.Build.0 = Debug|Any CPU
		{A5215B15-6DB6-4BF5-B14F-6E1F197B837F}.Debug|x86.ActiveCfg = Debug|Any CPU
		{A5215B15-6DB6-4BF5-B14F-6E1F197B837F}.Debug|x86.Build.0 = Debug|Any CPU
		{A5215B15-6DB6-4BF5-B14F-6E1F197B837F}.Release|Any CPU.ActiveCfg = Release|Any CPU
		{A5215B15-6DB6-4BF5-B14F-6E1F197B837F}.Release|Any CPU.Build.0 = Release|Any CPU
		{A5215B15-6DB6-4BF5-B14F-6E1F197B837F}.Release|x64.ActiveCfg = Release|Any CPU
		{A5215B15-6DB6-4BF5-B14F-6E1F197B837F}.Release|x64.Build.0 = Release|Any CPU
		{A5215B15-6DB6-4BF5-B14F-6E1F197B837F}.Release|x86.ActiveCfg = Release|Any CPU
		{A5215B15-6DB6-4BF5-B14F-6E1F197B837F}.Release|x86.Build.0 = Release|Any CPU
		{6CD73493-0C2A-48A6-B487-A71C1109104E}.Debug|Any CPU.ActiveCfg = Debug|Any CPU
		{6CD73493-0C2A-48A6-B487-A71C1109104E}.Debug|Any CPU.Build.0 = Debug|Any CPU
		{6CD73493-0C2A-48A6-B487-A71C1109104E}.Debug|x64.ActiveCfg = Debug|Any CPU
		{6CD73493-0C2A-48A6-B487-A71C1109104E}.Debug|x64.Build.0 = Debug|Any CPU
		{6CD73493-0C2A-48A6-B487-A71C1109104E}.Debug|x86.ActiveCfg = Debug|Any CPU
		{6CD73493-0C2A-48A6-B487-A71C1109104E}.Debug|x86.Build.0 = Debug|Any CPU
		{6CD73493-0C2A-48A6-B487-A71C1109104E}.Release|Any CPU.ActiveCfg = Release|Any CPU
		{6CD73493-0C2A-48A6-B487-A71C1109104E}.Release|Any CPU.Build.0 = Release|Any CPU
		{6CD73493-0C2A-48A6-B487-A71C1109104E}.Release|x64.ActiveCfg = Release|Any CPU
		{6CD73493-0C2A-48A6-B487-A71C1109104E}.Release|x64.Build.0 = Release|Any CPU
		{6CD73493-0C2A-48A6-B487-A71C1109104E}.Release|x86.ActiveCfg = Release|Any CPU
		{6CD73493-0C2A-48A6-B487-A71C1109104E}.Release|x86.Build.0 = Release|Any CPU
		{787CA946-A3C9-4BD1-ACD6-5DF6567715DB}.Debug|Any CPU.ActiveCfg = Debug|Any CPU
		{787CA946-A3C9-4BD1-ACD6-5DF6567715DB}.Debug|Any CPU.Build.0 = Debug|Any CPU
		{787CA946-A3C9-4BD1-ACD6-5DF6567715DB}.Debug|x64.ActiveCfg = Debug|Any CPU
		{787CA946-A3C9-4BD1-ACD6-5DF6567715DB}.Debug|x64.Build.0 = Debug|Any CPU
		{787CA946-A3C9-4BD1-ACD6-5DF6567715DB}.Debug|x86.ActiveCfg = Debug|Any CPU
		{787CA946-A3C9-4BD1-ACD6-5DF6567715DB}.Debug|x86.Build.0 = Debug|Any CPU
		{787CA946-A3C9-4BD1-ACD6-5DF6567715DB}.Release|Any CPU.ActiveCfg = Release|Any CPU
		{787CA946-A3C9-4BD1-ACD6-5DF6567715DB}.Release|Any CPU.Build.0 = Release|Any CPU
		{787CA946-A3C9-4BD1-ACD6-5DF6567715DB}.Release|x64.ActiveCfg = Release|Any CPU
		{787CA946-A3C9-4BD1-ACD6-5DF6567715DB}.Release|x64.Build.0 = Release|Any CPU
		{787CA946-A3C9-4BD1-ACD6-5DF6567715DB}.Release|x86.ActiveCfg = Release|Any CPU
		{787CA946-A3C9-4BD1-ACD6-5DF6567715DB}.Release|x86.Build.0 = Release|Any CPU
	EndGlobalSection
	GlobalSection(SolutionProperties) = preSolution
		HideSolutionNode = FALSE
	EndGlobalSection
	GlobalSection(NestedProjects) = preSolution
		{994E928A-C30D-4EEE-A918-7EC32EF5E92E} = {327C8683-FE66-0FCB-24BF-AC8FE10CF5BC}
	EndGlobalSection
EndGlobal
